# THIS IS AN AUTOGENERATED FILE. DO NOT EDIT THIS FILE DIRECTLY.
# yarn lockfile v1


"@mixint/extrastat@^1.0.0":
  version "1.0.0"
  resolved "https://registry.yarnpkg.com/@mixint/extrastat/-/extrastat-1.0.0.tgz#1246e5e10e1786b98e7a277d531c5c0b6b45c3a0"
  integrity sha512-6MAqonb1w2R9tj8MaIxHc68b3m53385oWxiyczVxVeNuiMUHExAHocw/M65g0uWngVpYh8XJId67eFS76LqeIA==

"@mixint/transflect@^0.4.0":
  version "0.4.0"
  resolved "https://registry.yarnpkg.com/@mixint/transflect/-/transflect-0.4.0.tgz#3af0e69a6e7b257721947e0bd528638e4e54dbe3"
  integrity sha512-f15nf3DkhCUnhtq0p/Nq3MkFVwgmXi3Lu2jkPLOD2jEwcx6riVv0Bnr5G6kETGrxWWhTc6wvi37LjJzUsRFe/w==
  dependencies:
    parsedmessage "^3.0.1"
    serverfailsoft "^1.2.3"

parsedmessage@^3.0.1:
  version "3.0.1"
  resolved "https://registry.yarnpkg.com/parsedmessage/-/parsedmessage-3.0.1.tgz#1e9aa3785cb8511dc72295d46a5d1a76e6afb043"
  integrity sha512-6nUqDz6biYZYeW8pKbR6pFunv3u3mgQjjtR2LOPi7xJAv2wc40DgIfLa8oWMOKOB6ZXlsCrtMVgGiYn0nf7kwg==

serverfailsoft@^1.2.3, serverfailsoft@^1.2.4:
  version "1.2.4"
  resolved "https://registry.yarnpkg.com/serverfailsoft/-/serverfailsoft-1.2.4.tgz#f6c6cc44d2ac2e6457b61419c1b978d92aa9794f"
  integrity sha512-8wKucouBNUbU6BEphrlB9CAv859gqy26gc7n7yFm/d+jr13CU6iq0z5sSdcR2jsYETbujm3U68fHpaTIeHUbzg==
